
Microsoft Visual Studio Solution File, Format Version 12.00
# Visual Studio Version 17
VisualStudioVersion = 17.9.34622.214
MinimumVisualStudioVersion = 10.0.40219.1
Project("{FAE04EC0-301F-11D3-BF4B-00C04F79EFBC}") = "Riode-BackendProject", "Riode-BackendProject\Riode-BackendProject.csproj", "{21BFB3E5-581E-4788-8AD9-10193A661471}"
EndProject
Global
	GlobalSection(SolutionConfigurationPlatforms) = preSolution
		Debug|Any CPU = Debug|Any CPU
		Release|Any CPU = Release|Any CPU
	EndGlobalSection
	GlobalSection(ProjectConfigurationPlatforms) = postSolution
		{21BFB3E5-581E-4788-8AD9-10193A661471}.Debug|Any CPU.ActiveCfg = Debug|Any CPU
		{21BFB3E5-581E-4788-8AD9-10193A661471}.Debug|Any CPU.Build.0 = Debug|Any CPU
		{21BFB3E5-581E-4788-8AD9-10193A661471}.Release|Any CPU.ActiveCfg = Release|Any CPU
		{21BFB3E5-581E-4788-8AD9-10193A661471}.Release|Any CPU.Build.0 = Release|Any CPU
	EndGlobalSection
	GlobalSection(SolutionProperties) = preSolution
		HideSolutionNode = FALSE
	EndGlobalSection
	GlobalSection(ExtensibilityGlobals) = postSolution
		SolutionGuid = {60F5B956-3DD4-4182-B4E3-6660FC2D7C68}
	EndGlobalSection
EndGlobal
